Microsoft Visual Studio Solution File, Format Version 12.00
# Visual Studio Version 17
VisualStudioVersion = 17.13.35806.99
MinimumVisualStudioVersion = 10.0.40219.1
Project("{FAE04EC0-301F-11D3-BF4B-00C04F79EFBC}") = "TransactionsProcessingAPI", "TransactionsProcessingAPI\TransactionsProcessingAPI.csproj", "{B9B523B5-C1B6-4F82-8014-882A99284A02}"
EndProject
Global
	GlobalSection(SolutionConfigurationPlatforms) = preSolution
		Debug|Any CPU = Debug|Any CPU
		Release|Any CPU = Release|Any CPU
	EndGlobalSection
	GlobalSection(ProjectConfigurationPlatforms) = postSolution
		{B9B523B5-C1B6-4F82-8014-882A99284A02}.Debug|Any CPU.ActiveCfg = Debug|Any CPU
		{B9B523B5-C1B6-4F82-8014-882A99284A02}.Debug|Any CPU.Build.0 = Debug|Any CPU
		{B9B523B5-C1B6-4F82-8014-882A99284A02}.Release|Any CPU.ActiveCfg = Release|Any CPU
		{B9B523B5-C1B6-4F82-8014-882A99284A02}.Release|Any CPU.Build.0 = Release|Any CPU
	EndGlobalSection
	GlobalSection(SolutionProperties) = preSolution
		HideSolutionNode = FALSE
	EndGlobalSection
	GlobalSection(ExtensibilityGlobals) = postSolution
		SolutionGuid = {596DE56E-8A0E-48B0-9772-16FF0237E682}
	EndGlobalSection
EndGlobal
